<?xml version="1.0" encoding="utf-8"?>
<Project ToolsVersion="4.0" xmlns="http://schemas.microsoft.com/developer/msbuild/2003">
  <ItemGroup>
    <Filter Include="Source Files">
      <UniqueIdentifier>{4FC737F1-C7A5-4376-A066-2A32D752A2FF}</UniqueIdentifier>
      <Extensions>cpp;c;cc;cxx;def;odl;idl;hpj;bat;asm;asmx</Extensions>
    </Filter>
    <Filter Include="Header Files">
      <UniqueIdentifier>{93995380-89BD-4b04-88EB-625FBE52EBFB}</UniqueIdentifier>
      <Extensions>h;hh;hpp;hxx;hm;inl;inc;xsd</Extensions>
    </Filter>
    <Filter Include="Resource Files">
      <UniqueIdentifier>{67DA6AB6-F800-4c08-8B7A-83BB121AAD01}</UniqueIdentifier>
      <Extensions>rc;ico;cur;bmp;dlg;rc2;rct;bin;rgs;gif;jpg;jpeg;jpe;resx;tiff;tif;png;wav;mfcribbon-ms</Extensions>
    </Filter>
    <Filter Include="Header Files\States">
      <UniqueIdentifier>{36084085-b22c-4fb7-a73c-63a29824aae0}</UniqueIdentifier>
    </Filter>
    <Filter Include="Header Files\Managers">
      <UniqueIdentifier>{acd2b1d8-eaa6-4c25-8095-ccf8032e62d4}</UniqueIdentifier>
    </Filter>
    <Filter Include="Header Files\Other">
      <UniqueIdentifier>{b067a05d-908e-43e3-b071-96cc798dd8d9}</UniqueIdentifier>
    </Filter>
    <Filter Include="Header Files\Game Objects">
      <UniqueIdentifier>{b4bf49a6-42b0-4926-950f-b7fcd09b0811}</UniqueIdentifier>
    </Filter>
    <Filter Include="Source Files\Game Objects">
      <UniqueIdentifier>{cc291042-b422-42f0-baf6-bd3e26a92e6f}</UniqueIdentifier>
    </Filter>
    <Filter Include="Source Files\Managers">
      <UniqueIdentifier>{58f4e279-e3ce-4782-a28f-08d154b0a8c7}</UniqueIdentifier>
    </Filter>
    <Filter Include="Source Files\States">
      <UniqueIdentifier>{0d765e4a-302c-48b8-b68c-b4402562d746}</UniqueIdentifier>
    </Filter>
    <Filter Include="Source Files\Other">
      <UniqueIdentifier>{ff8f32c8-08af-49ec-9360-7eb34eb18c7e}</UniqueIdentifier>
    </Filter>
    <Filter Include="Source Files\Game Objects\EnemyObjects">
      <UniqueIdentifier>{96b88d90-0125-43fa-9afe-f21d3c588729}</UniqueIdentifier>
    </Filter>
    <Filter Include="Header Files\Game Objects\EnemyObjects">
      <UniqueIdentifier>{335cb5df-71f7-46d7-b4d6-a8f7a3f60cb3}</UniqueIdentifier>
    </Filter>
    <Filter Include="Header Files\Game Objects\Player">
      <UniqueIdentifier>{d76406c3-cfb4-40d4-855f-48ebeff003eb}</UniqueIdentifier>
    </Filter>
    <Filter Include="Source Files\Game Objects\Player">
      <UniqueIdentifier>{8a9a65a8-b677-401e-9bec-2b1333fb0909}</UniqueIdentifier>
    </Filter>
    <Filter Include="Header Files\Game Objects\MenuObjects">
      <UniqueIdentifier>{3ff21bd3-4727-4c55-8b90-53bd0daf65e5}</UniqueIdentifier>
    </Filter>
    <Filter Include="Source Files\Game Objects\MenuObjects">
      <UniqueIdentifier>{e377d17c-1876-482d-9ba9-5b0e3269557c}</UniqueIdentifier>
    </Filter>
    <Filter Include="Source Files\Other\Options">
      <UniqueIdentifier>{62cb2bd5-b28a-4bab-b51b-09e4ea8beeb8}</UniqueIdentifier>
    </Filter>
    <Filter Include="Header Files\Other\Options">
      <UniqueIdentifier>{675aec7a-1fa1-49a4-b133-deb79b9fee42}</UniqueIdentifier>
    </Filter>
  </ItemGroup>
  <ItemGroup>
    <Text Include="ReadMe.txt" />
  </ItemGroup>
  <ItemGroup>
    <ClInclude Include="State.h">
      <Filter>Header Files\States</Filter>
    </ClInclude>
    <ClInclude Include="GameState.h">
      <Filter>Header Files\States</Filter>
    </ClInclude>
    <ClInclude Include="KeybMngr.h">
      <Filter>Header Files\Managers</Filter>
    </ClInclude>
    <ClInclude Include="GameObjectMngr.h">
      <Filter>Header Files\Managers</Filter>
    </ClInclude>
    <ClInclude Include="GameObject.h">
      <Filter>Header Files\Game Objects</Filter>
    </ClInclude>
    <ClInclude Include="StateMngr.h">
      <Filter>Header Files\Managers</Filter>
    </ClInclude>
    <ClInclude Include="Hitbox.h">
      <Filter>Header Files\Other</Filter>
    </ClInclude>
    <ClInclude Include="Core.h">
      <Filter>Header Files\Other</Filter>
    </ClInclude>
    <ClInclude Include="Button.h">
      <Filter>Header Files\Other</Filter>
    </ClInclude>
    <ClInclude Include="stdafx.h">
      <Filter>Header Files\Other</Filter>
    </ClInclude>
    <ClInclude Include="targetver.h">
      <Filter>Header Files\Other</Filter>
    </ClInclude>
    <ClInclude Include="SpriteMngr.h">
      <Filter>Header Files\Managers</Filter>
    </ClInclude>
    <ClInclude Include="DrawMngr.h">
      <Filter>Header Files\Managers</Filter>
    </ClInclude>
    <ClInclude Include="Sprite.h">
      <Filter>Header Files\Other</Filter>
    </ClInclude>
    <ClInclude Include="SceneObject.h">
      <Filter>Header Files\Game Objects</Filter>
    </ClInclude>
    <ClInclude Include="TimeMngr.h">
      <Filter>Header Files\Managers</Filter>
    </ClInclude>
    <ClInclude Include="EnemyObject.h">
      <Filter>Header Files\Game Objects\EnemyObjects</Filter>
    </ClInclude>
    <ClInclude Include="EnemyObject0.h">
      <Filter>Header Files\Game Objects\EnemyObjects</Filter>
    </ClInclude>
    <ClInclude Include="PlayerObject.h">
      <Filter>Header Files\Game Objects\Player</Filter>
    </ClInclude>
    <ClInclude Include="PlayerBulletObject.h">
      <Filter>Header Files\Game Objects\Player</Filter>
    </ClInclude>
    <ClInclude Include="CollisionMngr.h">
      <Filter>Header Files\Managers</Filter>
    </ClInclude>
    <ClInclude Include="MenuObject.h">
      <Filter>Header Files\Game Objects\MenuObjects</Filter>
    </ClInclude>
    <ClInclude Include="MenuItem.h">
      <Filter>Header Files\Other</Filter>
    </ClInclude>
    <ClInclude Include="MenuState.h">
      <Filter>Header Files\States</Filter>
    </ClInclude>
    <ClInclude Include="FontMngr.h">
      <Filter>Header Files\Managers</Filter>
    </ClInclude>
    <ClInclude Include="Font.h">
      <Filter>Header Files\Other</Filter>
    </ClInclude>
    <ClInclude Include="EnemyBulletObject.h">
      <Filter>Header Files\Game Objects\EnemyObjects</Filter>
    </ClInclude>
    <ClInclude Include="ScoreMngr.h">
      <Filter>Header Files\Managers</Filter>
    </ClInclude>
    <ClInclude Include="Texture.h">
      <Filter>Header Files\Other</Filter>
    </ClInclude>
    <ClInclude Include="HUDObject.h">
      <Filter>Header Files\Game Objects</Filter>
    </ClInclude>
    <ClInclude Include="ScoreObject.h">
      <Filter>Header Files\Game Objects</Filter>
    </ClInclude>
    <ClInclude Include="Sfx.h">
      <Filter>Header Files\Other</Filter>
    </ClInclude>
    <ClInclude Include="Bgm.h">
      <Filter>Header Files\Other</Filter>
    </ClInclude>
    <ClInclude Include="SoundMngr.h">
      <Filter>Header Files\Managers</Filter>
    </ClInclude>
    <ClInclude Include="MusicMngr.h">
      <Filter>Header Files\Managers</Filter>
    </ClInclude>
    <ClInclude Include="EnemyObject1.h">
      <Filter>Header Files\Game Objects\EnemyObjects</Filter>
    </ClInclude>
    <ClInclude Include="LevelMngr.h">
      <Filter>Header Files\Managers</Filter>
    </ClInclude>
    <ClInclude Include="LevelItem.h">
      <Filter>Header Files\Other</Filter>
    </ClInclude>
    <ClInclude Include="GameOverState.h">
      <Filter>Header Files\States</Filter>
    </ClInclude>
    <ClInclude Include="CreditsState.h">
      <Filter>Header Files\States</Filter>
    </ClInclude>
    <ClInclude Include="InfoObject.h">
      <Filter>Header Files\Game Objects</Filter>
    </ClInclude>
    <ClInclude Include="HowToPlayState.h">
      <Filter>Header Files\States</Filter>
    </ClInclude>
    <ClInclude Include="EnemyObject2.h">
      <Filter>Header Files\Game Objects\EnemyObjects</Filter>
    </ClInclude>
    <ClInclude Include="EnemyObject3.h">
      <Filter>Header Files\Game Objects\EnemyObjects</Filter>
    </ClInclude>
    <ClInclude Include="EnemyObject4.h">
      <Filter>Header Files\Game Objects\EnemyObjects</Filter>
    </ClInclude>
    <ClInclude Include="OptionsState.h">
      <Filter>Header Files\States</Filter>
    </ClInclude>
    <ClInclude Include="OptionsObject.h">
      <Filter>Header Files\Game Objects</Filter>
    </ClInclude>
    <ClInclude Include="OptionsItem0.h">
      <Filter>Header Files\Other\Options</Filter>
    </ClInclude>
    <ClInclude Include="OptionsItem1.h">
      <Filter>Header Files\Other\Options</Filter>
    </ClInclude>
    <ClInclude Include="OptionsItem.h">
      <Filter>Header Files\Other\Options</Filter>
    </ClInclude>
    <ClInclude Include="OptionsItem2.h">
      <Filter>Header Files\Other\Options</Filter>
    </ClInclude>
    <ClInclude Include="OptionsItem3.h">
      <Filter>Header Files\Other\Options</Filter>
    </ClInclude>
  </ItemGroup>
  <ItemGroup>
    <ClCompile Include="Button.cpp">
      <Filter>Source Files\Other</Filter>
    </ClCompile>
    <ClCompile Include="Core.cpp">
      <Filter>Source Files\Other</Filter>
    </ClCompile>
    <ClCompile Include="Hitbox.cpp">
      <Filter>Source Files\Other</Filter>
    </ClCompile>
    <ClCompile Include="Main.cpp">
      <Filter>Source Files\Other</Filter>
    </ClCompile>
    <ClCompile Include="stdafx.cpp">
      <Filter>Source Files\Other</Filter>
    </ClCompile>
    <ClCompile Include="GameObject.cpp">
      <Filter>Source Files\Game Objects</Filter>
    </ClCompile>
    <ClCompile Include="GameObjectMngr.cpp">
      <Filter>Source Files\Managers</Filter>
    </ClCompile>
    <ClCompile Include="GameState.cpp">
      <Filter>Source Files\States</Filter>
    </ClCompile>
    <ClCompile Include="KeybMngr.cpp">
      <Filter>Source Files\Managers</Filter>
    </ClCompile>
    <ClCompile Include="StateMngr.cpp">
      <Filter>Source Files\Managers</Filter>
    </ClCompile>
    <ClCompile Include="Sprite.cpp">
      <Filter>Source Files\Other</Filter>
    </ClCompile>
    <ClCompile Include="SpriteMngr.cpp">
      <Filter>Source Files\Managers</Filter>
    </ClCompile>
    <ClCompile Include="SceneObject.cpp">
      <Filter>Source Files\Game Objects</Filter>
    </ClCompile>
    <ClCompile Include="DrawMngr.cpp">
      <Filter>Source Files\Managers</Filter>
    </ClCompile>
    <ClCompile Include="TimeMngr.cpp">
      <Filter>Source Files\Managers</Filter>
    </ClCompile>
    <ClCompile Include="EnemyObject.cpp">
      <Filter>Source Files\Game Objects\EnemyObjects</Filter>
    </ClCompile>
    <ClCompile Include="EnemyObject0.cpp">
      <Filter>Source Files\Game Objects\EnemyObjects</Filter>
    </ClCompile>
    <ClCompile Include="PlayerObject.cpp">
      <Filter>Source Files\Game Objects\Player</Filter>
    </ClCompile>
    <ClCompile Include="PlayerBulletObject.cpp">
      <Filter>Source Files\Game Objects\Player</Filter>
    </ClCompile>
    <ClCompile Include="CollisionMngr.cpp">
      <Filter>Source Files\Managers</Filter>
    </ClCompile>
    <ClCompile Include="MenuItem.cpp">
      <Filter>Source Files\Other</Filter>
    </ClCompile>
    <ClCompile Include="MenuObject.cpp">
      <Filter>Source Files\Game Objects\MenuObjects</Filter>
    </ClCompile>
    <ClCompile Include="MenuState.cpp">
      <Filter>Source Files\States</Filter>
    </ClCompile>
    <ClCompile Include="Font.cpp">
      <Filter>Source Files\Other</Filter>
    </ClCompile>
    <ClCompile Include="FontMngr.cpp">
      <Filter>Source Files\Managers</Filter>
    </ClCompile>
    <ClCompile Include="EnemyBulletObject.cpp">
      <Filter>Source Files\Game Objects\EnemyObjects</Filter>
    </ClCompile>
    <ClCompile Include="ScoreMngr.cpp">
      <Filter>Source Files\Managers</Filter>
    </ClCompile>
    <ClCompile Include="Texture.cpp">
      <Filter>Source Files\Other</Filter>
    </ClCompile>
    <ClCompile Include="HUDObject.cpp">
      <Filter>Source Files\Game Objects</Filter>
    </ClCompile>
    <ClCompile Include="ScoreObject.cpp">
      <Filter>Source Files\Game Objects</Filter>
    </ClCompile>
    <ClCompile Include="Bgm.cpp">
      <Filter>Source Files\Other</Filter>
    </ClCompile>
    <ClCompile Include="Sfx.cpp">
      <Filter>Source Files\Other</Filter>
    </ClCompile>
    <ClCompile Include="SoundMngr.cpp">
      <Filter>Source Files\Managers</Filter>
    </ClCompile>
    <ClCompile Include="MusicMngr.cpp">
      <Filter>Source Files\Managers</Filter>
    </ClCompile>
    <ClCompile Include="EnemyObject1.cpp">
      <Filter>Source Files\Game Objects\EnemyObjects</Filter>
    </ClCompile>
    <ClCompile Include="LevelMngr.cpp">
      <Filter>Source Files\Managers</Filter>
    </ClCompile>
    <ClCompile Include="LevelItem.cpp">
      <Filter>Source Files\Other</Filter>
    </ClCompile>
    <ClCompile Include="GameOverState.cpp">
      <Filter>Source Files\States</Filter>
    </ClCompile>
    <ClCompile Include="CreditsState.cpp">
      <Filter>Source Files\States</Filter>
    </ClCompile>
    <ClCompile Include="InfoObject.cpp">
      <Filter>Source Files\Game Objects</Filter>
    </ClCompile>
    <ClCompile Include="HowToPlayState.cpp">
      <Filter>Source Files\States</Filter>
    </ClCompile>
    <ClCompile Include="EnemyObject2.cpp">
      <Filter>Source Files\Game Objects\EnemyObjects</Filter>
    </ClCompile>
    <ClCompile Include="EnemyObject3.cpp">
      <Filter>Source Files\Game Objects\EnemyObjects</Filter>
    </ClCompile>
    <ClCompile Include="EnemyObject4.cpp">
      <Filter>Source Files\Game Objects\EnemyObjects</Filter>
    </ClCompile>
    <ClCompile Include="OptionsState.cpp">
      <Filter>Source Files\States</Filter>
    </ClCompile>
    <ClCompile Include="OptionsObject.cpp">
      <Filter>Source Files\Game Objects</Filter>
    </ClCompile>
    <ClCompile Include="OptionsItem0.cpp">
      <Filter>Source Files\Other\Options</Filter>
    </ClCompile>
    <ClCompile Include="OptionsItem1.cpp">
      <Filter>Source Files\Other\Options</Filter>
    </ClCompile>
    <ClCompile Include="OptionsItem2.cpp">
      <Filter>Source Files\Other\Options</Filter>
    </ClCompile>
    <ClCompile Include="OptionsItem3.cpp">
      <Filter>Source Files\Other\Options</Filter>
    </ClCompile>
  </ItemGroup>
</Project>